
Microsoft Visual Studio Solution File, Format Version 12.00
# Visual Studio Version 17
VisualStudioVersion = 17.10.35122.118
MinimumVisualStudioVersion = 10.0.40219.1
Project("{FAE04EC0-301F-11D3-BF4B-00C04F79EFBC}") = "WrapPanel", "WrapPanel.csproj", "{0ED27BC0-0BC4-42A6-84C5-B0DDFA11DA09}"
EndProject
Global
	GlobalSection(SolutionConfigurationPlatforms) = preSolution
		Debug|Any CPU = Debug|Any CPU
		Release|Any CPU = Release|Any CPU
	EndGlobalSection
	GlobalSection(ProjectConfigurationPlatforms) = postSolution
		{0ED27BC0-0BC4-42A6-84C5-B0DDFA11DA09}.Debug|Any CPU.ActiveCfg = Debug|Any CPU
		{0ED27BC0-0BC4-42A6-84C5-B0DDFA11DA09}.Debug|Any CPU.Build.0 = Debug|Any CPU
		{0ED27BC0-0BC4-42A6-84C5-B0DDFA11DA09}.Release|Any CPU.ActiveCfg = Release|Any CPU
		{0ED27BC0-0BC4-42A6-84C5-B0DDFA11DA09}.Release|Any CPU.Build.0 = Release|Any CPU
	EndGlobalSection
	GlobalSection(SolutionProperties) = preSolution
		HideSolutionNode = FALSE
	EndGlobalSection
	GlobalSection(ExtensibilityGlobals) = postSolution
		SolutionGuid = {2143C215-3B11-4088-AEFF-C155BCAABCF2}
	EndGlobalSection
EndGlobal
