
Microsoft Visual Studio Solution File, Format Version 12.00
# Visual Studio Version 17
VisualStudioVersion = 17.10.35122.118
MinimumVisualStudioVersion = 10.0.40219.1
Project("{FAE04EC0-301F-11D3-BF4B-00C04F79EFBC}") = "DataContext", "DataContext.csproj", "{7C644C7B-0A0F-45C5-BD70-9E643E0C6638}"
EndProject
Global
	GlobalSection(SolutionConfigurationPlatforms) = preSolution
		Debug|Any CPU = Debug|Any CPU
		Release|Any CPU = Release|Any CPU
	EndGlobalSection
	GlobalSection(ProjectConfigurationPlatforms) = postSolution
		{7C644C7B-0A0F-45C5-BD70-9E643E0C6638}.Debug|Any CPU.ActiveCfg = Debug|Any CPU
		{7C644C7B-0A0F-45C5-BD70-9E643E0C6638}.Debug|Any CPU.Build.0 = Debug|Any CPU
		{7C644C7B-0A0F-45C5-BD70-9E643E0C6638}.Release|Any CPU.ActiveCfg = Release|Any CPU
		{7C644C7B-0A0F-45C5-BD70-9E643E0C6638}.Release|Any CPU.Build.0 = Release|Any CPU
	EndGlobalSection
	GlobalSection(SolutionProperties) = preSolution
		HideSolutionNode = FALSE
	EndGlobalSection
	GlobalSection(ExtensibilityGlobals) = postSolution
		SolutionGuid = {46A297BC-C3DE-4DDA-A3EF-C89C2C12B1B7}
	EndGlobalSection
EndGlobal
